
Microsoft Visual Studio Solution File, Format Version 12.00
# Visual Studio Version 17
VisualStudioVersion = 17.8.34309.116
MinimumVisualStudioVersion = 10.0.40219.1
Project("{888888A0-9F3D-457C-B088-3A5042F75D52}") = "MountBank", "MountBank\MountBank.pyproj", "{5571DA32-4D0E-497F-991B-BDCA17B03352}"
EndProject
Global
	GlobalSection(SolutionConfigurationPlatforms) = preSolution
		Debug|Any CPU = Debug|Any CPU
		Release|Any CPU = Release|Any CPU
	EndGlobalSection
	GlobalSection(ProjectConfigurationPlatforms) = postSolution
		{5571DA32-4D0E-497F-991B-BDCA17B03352}.Debug|Any CPU.ActiveCfg = Debug|Any CPU
		{5571DA32-4D0E-497F-991B-BDCA17B03352}.Release|Any CPU.ActiveCfg = Release|Any CPU
	EndGlobalSection
	GlobalSection(SolutionProperties) = preSolution
		HideSolutionNode = FALSE
	EndGlobalSection
	GlobalSection(ExtensibilityGlobals) = postSolution
		SolutionGuid = {A4DB4385-9C3C-49A5-BA1D-44355F003ACE}
	EndGlobalSection
EndGlobal
